
Microsoft Visual Studio Solution File, Format Version 12.00
# Visual Studio Version 17
VisualStudioVersion = 17.14.36518.9 d17.14
MinimumVisualStudioVersion = 10.0.40219.1
Project("{FAE04EC0-301F-11D3-BF4B-00C04F79EFBC}") = "listas-e-arrays-25-02", "listas-e-arrays-25-02\listas-e-arrays-25-02.csproj", "{9CF35962-44BE-4699-8C42-AE6197B61AF1}"
EndProject
Global
	GlobalSection(SolutionConfigurationPlatforms) = preSolution
		Debug|Any CPU = Debug|Any CPU
		Release|Any CPU = Release|Any CPU
	EndGlobalSection
	GlobalSection(ProjectConfigurationPlatforms) = postSolution
		{9CF35962-44BE-4699-8C42-AE6197B61AF1}.Debug|Any CPU.ActiveCfg = Debug|Any CPU
		{9CF35962-44BE-4699-8C42-AE6197B61AF1}.Debug|Any CPU.Build.0 = Debug|Any CPU
		{9CF35962-44BE-4699-8C42-AE6197B61AF1}.Release|Any CPU.ActiveCfg = Release|Any CPU
		{9CF35962-44BE-4699-8C42-AE6197B61AF1}.Release|Any CPU.Build.0 = Release|Any CPU
	EndGlobalSection
	GlobalSection(SolutionProperties) = preSolution
		HideSolutionNode = FALSE
	EndGlobalSection
	GlobalSection(ExtensibilityGlobals) = postSolution
		SolutionGuid = {1969F6DD-6158-4F8E-B31B-B6F0679DDF8E}
	EndGlobalSection
EndGlobal
