
Microsoft Visual Studio Solution File, Format Version 12.00
# Visual Studio Version 17
VisualStudioVersion = 17.14.36518.9 d17.14
MinimumVisualStudioVersion = 10.0.40219.1
Project("{FAE04EC0-301F-11D3-BF4B-00C04F79EFBC}") = "Aula widows forms -12-02", "Aula widows forms -12-02\Aula widows forms -12-02.csproj", "{C47EDAB3-B3A9-4191-A852-9CE2466D8FF9}"
EndProject
Global
	GlobalSection(SolutionConfigurationPlatforms) = preSolution
		Debug|Any CPU = Debug|Any CPU
		Release|Any CPU = Release|Any CPU
	EndGlobalSection
	GlobalSection(ProjectConfigurationPlatforms) = postSolution
		{C47EDAB3-B3A9-4191-A852-9CE2466D8FF9}.Debug|Any CPU.ActiveCfg = Debug|Any CPU
		{C47EDAB3-B3A9-4191-A852-9CE2466D8FF9}.Debug|Any CPU.Build.0 = Debug|Any CPU
		{C47EDAB3-B3A9-4191-A852-9CE2466D8FF9}.Release|Any CPU.ActiveCfg = Release|Any CPU
		{C47EDAB3-B3A9-4191-A852-9CE2466D8FF9}.Release|Any CPU.Build.0 = Release|Any CPU
	EndGlobalSection
	GlobalSection(SolutionProperties) = preSolution
		HideSolutionNode = FALSE
	EndGlobalSection
	GlobalSection(ExtensibilityGlobals) = postSolution
		SolutionGuid = {347C7B37-9A9B-41E4-99C3-F68F6C240591}
	EndGlobalSection
EndGlobal
