
Microsoft Visual Studio Solution File, Format Version 12.00
# Visual Studio Version 17
VisualStudioVersion = 17.14.36518.9 d17.14
MinimumVisualStudioVersion = 10.0.40219.1
Project("{FAE04EC0-301F-11D3-BF4B-00C04F79EFBC}") = "Atividade Windows forms -13-02", "Atividade Windows forms -13-02\Atividade Windows forms -13-02.csproj", "{9EA8AA85-6BF0-4E56-B36C-E0AD018D9676}"
EndProject
Global
	GlobalSection(SolutionConfigurationPlatforms) = preSolution
		Debug|Any CPU = Debug|Any CPU
		Release|Any CPU = Release|Any CPU
	EndGlobalSection
	GlobalSection(ProjectConfigurationPlatforms) = postSolution
		{9EA8AA85-6BF0-4E56-B36C-E0AD018D9676}.Debug|Any CPU.ActiveCfg = Debug|Any CPU
		{9EA8AA85-6BF0-4E56-B36C-E0AD018D9676}.Debug|Any CPU.Build.0 = Debug|Any CPU
		{9EA8AA85-6BF0-4E56-B36C-E0AD018D9676}.Release|Any CPU.ActiveCfg = Release|Any CPU
		{9EA8AA85-6BF0-4E56-B36C-E0AD018D9676}.Release|Any CPU.Build.0 = Release|Any CPU
	EndGlobalSection
	GlobalSection(SolutionProperties) = preSolution
		HideSolutionNode = FALSE
	EndGlobalSection
	GlobalSection(ExtensibilityGlobals) = postSolution
		SolutionGuid = {03ED2C80-1A02-4064-A7FA-488E533A8850}
	EndGlobalSection
EndGlobal
