
Microsoft Visual Studio Solution File, Format Version 12.00
# Visual Studio Version 17
VisualStudioVersion = 17.14.36518.9 d17.14
MinimumVisualStudioVersion = 10.0.40219.1
Project("{FAE04EC0-301F-11D3-BF4B-00C04F79EFBC}") = "Exercicios (aula 2 - 04-02)", "Exercicios (aula 2 - 04-02)\Exercicios (aula 2 - 04-02).csproj", "{BDFAD1D5-909E-4F40-8B3A-1BB49B49A3C9}"
EndProject
Global
	GlobalSection(SolutionConfigurationPlatforms) = preSolution
		Debug|Any CPU = Debug|Any CPU
		Release|Any CPU = Release|Any CPU
	EndGlobalSection
	GlobalSection(ProjectConfigurationPlatforms) = postSolution
		{BDFAD1D5-909E-4F40-8B3A-1BB49B49A3C9}.Debug|Any CPU.ActiveCfg = Debug|Any CPU
		{BDFAD1D5-909E-4F40-8B3A-1BB49B49A3C9}.Debug|Any CPU.Build.0 = Debug|Any CPU
		{BDFAD1D5-909E-4F40-8B3A-1BB49B49A3C9}.Release|Any CPU.ActiveCfg = Release|Any CPU
		{BDFAD1D5-909E-4F40-8B3A-1BB49B49A3C9}.Release|Any CPU.Build.0 = Release|Any CPU
	EndGlobalSection
	GlobalSection(SolutionProperties) = preSolution
		HideSolutionNode = FALSE
	EndGlobalSection
	GlobalSection(ExtensibilityGlobals) = postSolution
		SolutionGuid = {9D70692F-9933-48AF-B09D-7BC1CEE08EF0}
	EndGlobalSection
EndGlobal
